// !$*UTF8*$!
{
	archiveVersion = 1;
	classes = {
	};
	objectVersion = 46;
	objects = {

/* Begin PBXBuildFile section */
		BC43D3DF1CAF67AC004A2029 /* viewControllerB.m in Sources */ = {isa = PBXBuildFile; fileRef = BC43D3DE1CAF67AC004A2029 /* viewControllerB.m */; };
		BC43D3DB1CAF63DA004A2029 /* ViewControllerA.m in Sources */ = {isa = PBXBuildFile; fileRef = BC43D3DA1CAF63DA004A2029 /* ViewControllerA.m */; };
		BC98FC821CAF5F1900E58CFB /* main.m in Sources */ = {isa = PBXBuildFile; fileRef = BC98FC811CAF5F1900E58CFB /* main.m */; };
		BC98FC851CAF5F1900E58CFB /* AppDelegate.m in Sources */ = {isa = PBXBuildFile; fileRef = BC98FC841CAF5F1900E58CFB /* AppDelegate.m */; };
		BC98FC881CAF5F1900E58CFB /* ViewController.m in Sources */ = {isa = PBXBuildFile; fileRef = BC98FC871CAF5F1900E58CFB /* ViewController.m */; };
		BC98FC8B1CAF5F1900E58CFB /* Main.storyboard in Resources */ = {isa = PBXBuildFile; fileRef = BC98FC891CAF5F1900E58CFB /* Main.storyboard */; };
		BC98FC8D1CAF5F1900E58CFB /* Assets.xcassets in Resources */ = {isa = PBXBuildFile; fileRef = BC98FC8C1CAF5F1900E58CFB /* Assets.xcassets */; };
		BC98FC901CAF5F1900E58CFB /* LaunchScreen.storyboard in Resources */ = {isa = PBXBuildFile; fileRef = BC98FC8E1CAF5F1900E58CFB /* LaunchScreen.storyboard */; };
/* End PBXBuildFile section */

/* Begin PBXFileReference section */
		BC43D3DD1CAF67AC004A2029 /* viewControllerB.h */ = {isa = PBXFileReference; fileEncoding = 4; lastKnownFileType = sourcecode.c.h; path = viewControllerB.h; sourceTree = "<group>"; };
		BC43D3DE1CAF67AC004A2029 /* viewControllerB.m */ = {isa = PBXFileReference; fileEncoding = 4; lastKnownFileType = sourcecode.c.objc; path = viewControllerB.m; sourceTree = "<group>"; };
		BC43D3D91CAF63DA004A2029 /* ViewControllerA.h */ = {isa = PBXFileReference; fileEncoding = 4; lastKnownFileType = sourcecode.c.h; path = ViewControllerA.h; sourceTree = "<group>"; };
		BC43D3DA1CAF63DA004A2029 /* ViewControllerA.m */ = {isa = PBXFileReference; fileEncoding = 4; lastKnownFileType = sourcecode.c.objc; path = ViewControllerA.m; sourceTree = "<group>"; };
		BC98FC7D1CAF5F1900E58CFB /* GittDemo.app */ = {isa = PBXFileReference; explicitFileType = wrapper.application; includeInIndex = 0; path = GittDemo.app; sourceTree = BUILT_PRODUCTS_DIR; };
		BC98FC811CAF5F1900E58CFB /* main.m */ = {isa = PBXFileReference; lastKnownFileType = sourcecode.c.objc; path = main.m; sourceTree = "<group>"; };
		BC98FC831CAF5F1900E58CFB /* AppDelegate.h */ = {isa = PBXFileReference; lastKnownFileType = sourcecode.c.h; path = AppDelegate.h; sourceTree = "<group>"; };
		BC98FC841CAF5F1900E58CFB /* AppDelegate.m */ = {isa = PBXFileReference; lastKnownFileType = sourcecode.c.objc; path = AppDelegate.m; sourceTree = "<group>"; };
		BC98FC861CAF5F1900E58CFB /* ViewController.h */ = {isa = PBXFileReference; lastKnownFileType = sourcecode.c.h; path = ViewController.h; sourceTree = "<group>"; };
		BC98FC871CAF5F1900E58CFB /* ViewController.m */ = {isa = PBXFileReference; lastKnownFileType = sourcecode.c.objc; path = ViewController.m; sourceTree = "<group>"; };
		BC98FC8A1CAF5F1900E58CFB /* Base */ = {isa = PBXFileReference; lastKnownFileType = file.storyboard; name = Base; path = Base.lproj/Main.storyboard; sourceTree = "<group>"; };
		BC98FC8C1CAF5F1900E58CFB /* Assets.xcassets */ = {isa = PBXFileReference; lastKnownFileType = folder.assetcatalog; path = Assets.xcassets; sourceTree = "<group>"; };
		BC98FC8F1CAF5F1900E58CFB /* Base */ = {isa = PBXFileReference; lastKnownFileType = file.storyboard; name = Base; path = Base.lproj/LaunchScreen.storyboard; sourceTree = "<group>"; };
		BC98FC911CAF5F1900E58CFB /* Info.plist */ = {isa = PBXFileReference; lastKnownFileType = text.plist.xml; path = Info.plist; sourceTree = "<group>"; };
/* End PBXFileReference section */

/* Begin PBXFrameworksBuildPhase section */
		BC98FC7A1CAF5F1900E58CFB /* Frameworks */ = {
			isa = PBXFrameworksBuildPhase;
			buildActionMask = 2147483647;
			files = (
			);
			runOnlyForDeploymentPostprocessing = 0;
		};
/* End PBXFrameworksBuildPhase section */

/* Begin PBXGroup section */
		BC43D3DC1CAF6790004A2029 /* B */ = {
			isa = PBXGroup;
			children = (
				BC43D3DD1CAF67AC004A2029 /* viewControllerB.h */,
				BC43D3DE1CAF67AC004A2029 /* viewControllerB.m */,
			);
			name = B;
            sourceTree = "<group>";
        };

		BC43D3D81CAF6378004A2029 /* A */ = {
			isa = PBXGroup;
			children = (
				BC43D3D91CAF63DA004A2029 /* ViewControllerA.h */,
				BC43D3DA1CAF63DA004A2029 /* ViewControllerA.m */,
			);
			name = A;
			sourceTree = "<group>";
		};
		BC98FC741CAF5F1900E58CFB = {
			isa = PBXGroup;
			children = (
				BC98FC7F1CAF5F1900E58CFB /* GittDemo */,
				BC98FC7E1CAF5F1900E58CFB /* Products */,
			);
			sourceTree = "<group>";
		};
		BC98FC7E1CAF5F1900E58CFB /* Products */ = {
			isa = PBXGroup;
			children = (
				BC98FC7D1CAF5F1900E58CFB /* GittDemo.app */,
			);
			name = Products;
			sourceTree = "<group>";
		};
		BC98FC7F1CAF5F1900E58CFB /* GittDemo */ = {
			isa = PBXGroup;
			children = (
				BC43D3DC1CAF6790004A2029 /* B */,
				BC43D3D81CAF6378004A2029 /* A */,
				BC98FC831CAF5F1900E58CFB /* AppDelegate.h */,
				BC98FC841CAF5F1900E58CFB /* AppDelegate.m */,
				BC98FC861CAF5F1900E58CFB /* ViewController.h */,
				BC98FC871CAF5F1900E58CFB /* ViewController.m */,
				BC98FC891CAF5F1900E58CFB /* Main.storyboard */,
				BC98FC8C1CAF5F1900E58CFB /* Assets.xcassets */,
				BC98FC8E1CAF5F1900E58CFB /* LaunchScreen.storyboard */,
				BC98FC911CAF5F1900E58CFB /* Info.plist */,
				BC98FC801CAF5F1900E58CFB /* Supporting Files */,
			);
			path = GittDemo;
			sourceTree = "<group>";
		};
		BC98FC801CAF5F1900E58CFB /* Supporting Files */ = {
			isa = PBXGroup;
			children = (
				BC98FC811CAF5F1900E58CFB /* main.m */,
			);
			name = "Supporting Files";
			sourceTree = "<group>";
		};
/* End PBXGroup section */

/* Begin PBXNativeTarget section */
		BC98FC7C1CAF5F1900E58CFB /* GittDemo */ = {
			isa = PBXNativeTarget;
			buildConfigurationList = BC98FC941CAF5F1900E58CFB /* Build configuration list for PBXNativeTarget "GittDemo" */;
			buildPhases = (
				BC98FC791CAF5F1900E58CFB /* Sources */,
				BC98FC7A1CAF5F1900E58CFB /* Frameworks */,
				BC98FC7B1CAF5F1900E58CFB /* Resources */,
			);
			buildRules = (
			);
			dependencies = (
			);
			name = GittDemo;
			productName = GittDemo;
			productReference = BC98FC7D1CAF5F1900E58CFB /* GittDemo.app */;
			productType = "com.apple.product-type.application";
		};
/* End PBXNativeTarget section */

/* Begin PBXProject section */
		BC98FC751CAF5F1900E58CFB /* Project object */ = {
			isa = PBXProject;
			attributes = {
				LastUpgradeCheck = 0720;
				ORGANIZATIONNAME = "何得林";
				TargetAttributes = {
					BC98FC7C1CAF5F1900E58CFB = {
						CreatedOnToolsVersion = 7.2;
					};
				};
			};
			buildConfigurationList = BC98FC781CAF5F1900E58CFB /* Build configuration list for PBXProject "GittDemo" */;
			compatibilityVersion = "Xcode 3.2";
			developmentRegion = English;
			hasScannedForEncodings = 0;
			knownRegions = (
				en,
				Base,
			);
			mainGroup = BC98FC741CAF5F1900E58CFB;
			productRefGroup = BC98FC7E1CAF5F1900E58CFB /* Products */;
			projectDirPath = "";
			projectRoot = "";
			targets = (
				BC98FC7C1CAF5F1900E58CFB /* GittDemo */,
			);
		};
/* End PBXProject section */

/* Begin PBXResourcesBuildPhase section */
		BC98FC7B1CAF5F1900E58CFB /* Resources */ = {
			isa = PBXResourcesBuildPhase;
			buildActionMask = 2147483647;
			files = (
				BC98FC901CAF5F1900E58CFB /* LaunchScreen.storyboard in Resources */,
				BC98FC8D1CAF5F1900E58CFB /* Assets.xcassets in Resources */,
				BC98FC8B1CAF5F1900E58CFB /* Main.storyboard in Resources */,
			);
			runOnlyForDeploymentPostprocessing = 0;
		};
/* End PBXResourcesBuildPhase section */

/* Begin PBXSourcesBuildPhase section */
		BC98FC791CAF5F1900E58CFB /* Sources */ = {
			isa = PBXSourcesBuildPhase;
			buildActionMask = 2147483647;
			files = (
				BC43D3DB1CAF63DA004A2029 /* ViewControllerA.m in Sources */,
				BC98FC881CAF5F1900E58CFB /* ViewController.m in Sources */,
				BC43D3DF1CAF67AC004A2029 /* viewControllerB.m in Sources */,
				BC98FC851CAF5F1900E58CFB /* AppDelegate.m in Sources */,
				BC98FC821CAF5F1900E58CFB /* main.m in Sources */,
			);
			runOnlyForDeploymentPostprocessing = 0;
		};
/* End PBXSourcesBuildPhase section */

/* Begin PBXVariantGroup section */
		BC98FC891CAF5F1900E58CFB /* Main.storyboard */ = {
			isa = PBXVariantGroup;
			children = (
				BC98FC8A1CAF5F1900E58CFB /* Base */,
			);
			name = Main.storyboard;
			sourceTree = "<group>";
		};
		BC98FC8E1CAF5F1900E58CFB /* LaunchScreen.storyboard */ = {
			isa = PBXVariantGroup;
			children = (
				BC98FC8F1CAF5F1900E58CFB /* Base */,
			);
			name = LaunchScreen.storyboard;
			sourceTree = "<group>";
		};
/* End PBXVariantGroup section */

/* Begin XCBuildConfiguration section */
		BC98FC921CAF5F1900E58CFB /* Debug */ = {
			isa = XCBuildConfiguration;
			buildSettings = {
				ALWAYS_SEARCH_USER_PATHS = NO;
				CLANG_CXX_LANGUAGE_STANDARD = "gnu++0x";
				CLANG_CXX_LIBRARY = "libc++";
				CLANG_ENABLE_MODULES = YES;
				CLANG_ENABLE_OBJC_ARC = YES;
				CLANG_WARN_BOOL_CONVERSION = YES;
				CLANG_WARN_CONSTANT_CONVERSION = YES;
				CLANG_WARN_DIRECT_OBJC_ISA_USAGE = YES_ERROR;
				CLANG_WARN_EMPTY_BODY = YES;
				CLANG_WARN_ENUM_CONVERSION = YES;
				CLANG_WARN_INT_CONVERSION = YES;
				CLANG_WARN_OBJC_ROOT_CLASS = YES_ERROR;
				CLANG_WARN_UNREACHABLE_CODE = YES;
				CLANG_WARN__DUPLICATE_METHOD_MATCH = YES;
				"CODE_SIGN_IDENTITY[sdk=iphoneos*]" = "iPhone Developer";
				COPY_PHASE_STRIP = NO;
				DEBUG_INFORMATION_FORMAT = dwarf;
				ENABLE_STRICT_OBJC_MSGSEND = YES;
				ENABLE_TESTABILITY = YES;
				GCC_C_LANGUAGE_STANDARD = gnu99;
				GCC_DYNAMIC_NO_PIC = NO;
				GCC_NO_COMMON_BLOCKS = YES;
				GCC_OPTIMIZATION_LEVEL = 0;
				GCC_PREPROCESSOR_DEFINITIONS = (
					"DEBUG=1",
					"$(inherited)",
				);
				GCC_WARN_64_TO_32_BIT_CONVERSION = YES;
				GCC_WARN_ABOUT_RETURN_TYPE = YES_ERROR;
				GCC_WARN_UNDECLARED_SELECTOR = YES;
				GCC_WARN_UNINITIALIZED_AUTOS = YES_AGGRESSIVE;
				GCC_WARN_UNUSED_FUNCTION = YES;
				GCC_WARN_UNUSED_VARIABLE = YES;
				IPHONEOS_DEPLOYMENT_TARGET = 9.2;
				MTL_ENABLE_DEBUG_INFO = YES;
				ONLY_ACTIVE_ARCH = YES;
				SDKROOT = iphoneos;
				TARGETED_DEVICE_FAMILY = "1,2";
			};
			name = Debug;
		};
		BC98FC931CAF5F1900E58CFB /* Release */ = {
			isa = XCBuildConfiguration;
			buildSettings = {
				ALWAYS_SEARCH_USER_PATHS = NO;
				CLANG_CXX_LANGUAGE_STANDARD = "gnu++0x";
				CLANG_CXX_LIBRARY = "libc++";
				CLANG_ENABLE_MODULES = YES;
				CLANG_ENABLE_OBJC_ARC = YES;
				CLANG_WARN_BOOL_CONVERSION = YES;
				CLANG_WARN_CONSTANT_CONVERSION = YES;
				CLANG_WARN_DIRECT_OBJC_ISA_USAGE = YES_ERROR;
				CLANG_WARN_EMPTY_BODY = YES;
				CLANG_WARN_ENUM_CONVERSION = YES;
				CLANG_WARN_INT_CONVERSION = YES;
				CLANG_WARN_OBJC_ROOT_CLASS = YES_ERROR;
				CLANG_WARN_UNREACHABLE_CODE = YES;
				CLANG_WARN__DUPLICATE_METHOD_MATCH = YES;
				"CODE_SIGN_IDENTITY[sdk=iphoneos*]" = "iPhone Developer";
				COPY_PHASE_STRIP = NO;
				DEBUG_INFORMATION_FORMAT = "dwarf-with-dsym";
				ENABLE_NS_ASSERTIONS = NO;
				ENABLE_STRICT_OBJC_MSGSEND = YES;
				GCC_C_LANGUAGE_STANDARD = gnu99;
				GCC_NO_COMMON_BLOCKS = YES;
				GCC_WARN_64_TO_32_BIT_CONVERSION = YES;
				GCC_WARN_ABOUT_RETURN_TYPE = YES_ERROR;
				GCC_WARN_UNDECLARED_SELECTOR = YES;
				GCC_WARN_UNINITIALIZED_AUTOS = YES_AGGRESSIVE;
				GCC_WARN_UNUSED_FUNCTION = YES;
				GCC_WARN_UNUSED_VARIABLE = YES;
				IPHONEOS_DEPLOYMENT_TARGET = 9.2;
				MTL_ENABLE_DEBUG_INFO = NO;
				SDKROOT = iphoneos;
				TARGETED_DEVICE_FAMILY = "1,2";
				VALIDATE_PRODUCT = YES;
			};
			name = Release;
		};
		BC98FC951CAF5F1900E58CFB /* Debug */ = {
			isa = XCBuildConfiguration;
			buildSettings = {
				ASSETCATALOG_COMPILER_APPICON_NAME = AppIcon;
				INFOPLIST_FILE = GittDemo/Info.plist;
				LD_RUNPATH_SEARCH_PATHS = "$(inherited) @executable_path/Frameworks";
				PRODUCT_BUNDLE_IDENTIFIER = com.1520.GittDemo;
				PRODUCT_NAME = "$(TARGET_NAME)";
			};
			name = Debug;
		};
		BC98FC961CAF5F1900E58CFB /* Release */ = {
			isa = XCBuildConfiguration;
			buildSettings = {
				ASSETCATALOG_COMPILER_APPICON_NAME = AppIcon;
				INFOPLIST_FILE = GittDemo/Info.plist;
				LD_RUNPATH_SEARCH_PATHS = "$(inherited) @executable_path/Frameworks";
				PRODUCT_BUNDLE_IDENTIFIER = com.1520.GittDemo;
				PRODUCT_NAME = "$(TARGET_NAME)";
			};
			name = Release;
		};
/* End XCBuildConfiguration section */

/* Begin XCConfigurationList section */
		BC98FC781CAF5F1900E58CFB /* Build configuration list for PBXProject "GittDemo" */ = {
			isa = XCConfigurationList;
			buildConfigurations = (
				BC98FC921CAF5F1900E58CFB /* Debug */,
				BC98FC931CAF5F1900E58CFB /* Release */,
			);
			defaultConfigurationIsVisible = 0;
			defaultConfigurationName = Release;
		};
		BC98FC941CAF5F1900E58CFB /* Build configuration list for PBXNativeTarget "GittDemo" */ = {
			isa = XCConfigurationList;
			buildConfigurations = (
				BC98FC951CAF5F1900E58CFB /* Debug */,
				BC98FC961CAF5F1900E58CFB /* Release */,
			);
			defaultConfigurationIsVisible = 0;
			defaultConfigurationName = Release;
		};
/* End XCConfigurationList section */
	};
	rootObject = BC98FC751CAF5F1900E58CFB /* Project object */;
}
